
Microsoft Visual Studio Solution File, Format Version 12.00
Project("{FAE04EC0-301F-11D3-BF4B-00C04F79EFBC}") = "TillWhen.Domain", "src\TillWhen.Domain\TillWhen.Domain.csproj", "{F64C0875-E74B-49DF-861F-E27C81B7FB9A}"
EndProject
Project("{FAE04EC0-301F-11D3-BF4B-00C04F79EFBC}") = "TillWhen.Domain.Tests", "tests\TillWhen.Domain.Tests\TillWhen.Domain.Tests.csproj", "{39D45757-68B2-49F2-80C8-0D6C6E022C1E}"
EndProject
Project("{2150E333-8FDC-42A3-9474-1A3956D46DE8}") = "src", "src", "{866563FA-E651-4E73-9106-896ADD5AEC0D}"
EndProject
Project("{2150E333-8FDC-42A3-9474-1A3956D46DE8}") = "tests", "tests", "{E1245818-F02C-4AA4-B6E5-832BD7099E05}"
EndProject
Project("{FAE04EC0-301F-11D3-BF4B-00C04F79EFBC}") = "TillWhen.Api", "src\TillWhen.Api\TillWhen.Api.csproj", "{59A6309B-F80D-48B0-8159-0662FEE336D6}"
EndProject
Project("{FAE04EC0-301F-11D3-BF4B-00C04F79EFBC}") = "TillWhen.Database.SqlServer", "src\TillWhen.Database.SqlServer\TillWhen.Database.SqlServer.csproj", "{B189EF2B-0490-4EB4-98A4-2755E069A719}"
EndProject
Project("{FAE04EC0-301F-11D3-BF4B-00C04F79EFBC}") = "TillWhen.Api.Tests.Integration", "tests\TillWhen.Api.Tests.Integration\TillWhen.Api.Tests.Integration.csproj", "{96F2DEB5-B87F-4851-8387-E5097B794E49}"
EndProject
Project("{FAE04EC0-301F-11D3-BF4B-00C04F79EFBC}") = "TillWhen.Application", "src\TillWhen.Application\TillWhen.Application.csproj", "{7852C77B-9152-40CE-B9F6-086970DC7894}"
EndProject
Project("{FAE04EC0-301F-11D3-BF4B-00C04F79EFBC}") = "TillWhen.Application.Acceptance", "tests\TillWhen.Application.Acceptance\TillWhen.Application.Acceptance.csproj", "{555DC1A6-FEFD-4CA0-AF30-0B8B078182BC}"
EndProject
Project("{FAE04EC0-301F-11D3-BF4B-00C04F79EFBC}") = "TillWhen.Helpers.DataSeed", "src\TillWhen.Helpers.DataSeed\TillWhen.Helpers.DataSeed.csproj", "{7352FF07-B7A5-4E6C-8AF1-03D3E4C9306A}"
EndProject
Global
	GlobalSection(SolutionConfigurationPlatforms) = preSolution
		Debug|Any CPU = Debug|Any CPU
		Release|Any CPU = Release|Any CPU
	EndGlobalSection
	GlobalSection(ProjectConfigurationPlatforms) = postSolution
		{F64C0875-E74B-49DF-861F-E27C81B7FB9A}.Debug|Any CPU.ActiveCfg = Debug|Any CPU
		{F64C0875-E74B-49DF-861F-E27C81B7FB9A}.Debug|Any CPU.Build.0 = Debug|Any CPU
		{F64C0875-E74B-49DF-861F-E27C81B7FB9A}.Release|Any CPU.ActiveCfg = Release|Any CPU
		{F64C0875-E74B-49DF-861F-E27C81B7FB9A}.Release|Any CPU.Build.0 = Release|Any CPU
		{39D45757-68B2-49F2-80C8-0D6C6E022C1E}.Debug|Any CPU.ActiveCfg = Debug|Any CPU
		{39D45757-68B2-49F2-80C8-0D6C6E022C1E}.Debug|Any CPU.Build.0 = Debug|Any CPU
		{39D45757-68B2-49F2-80C8-0D6C6E022C1E}.Release|Any CPU.ActiveCfg = Release|Any CPU
		{39D45757-68B2-49F2-80C8-0D6C6E022C1E}.Release|Any CPU.Build.0 = Release|Any CPU
		{59A6309B-F80D-48B0-8159-0662FEE336D6}.Debug|Any CPU.ActiveCfg = Debug|Any CPU
		{59A6309B-F80D-48B0-8159-0662FEE336D6}.Debug|Any CPU.Build.0 = Debug|Any CPU
		{59A6309B-F80D-48B0-8159-0662FEE336D6}.Release|Any CPU.ActiveCfg = Release|Any CPU
		{59A6309B-F80D-48B0-8159-0662FEE336D6}.Release|Any CPU.Build.0 = Release|Any CPU
		{B189EF2B-0490-4EB4-98A4-2755E069A719}.Debug|Any CPU.ActiveCfg = Debug|Any CPU
		{B189EF2B-0490-4EB4-98A4-2755E069A719}.Debug|Any CPU.Build.0 = Debug|Any CPU
		{B189EF2B-0490-4EB4-98A4-2755E069A719}.Release|Any CPU.ActiveCfg = Release|Any CPU
		{B189EF2B-0490-4EB4-98A4-2755E069A719}.Release|Any CPU.Build.0 = Release|Any CPU
		{96F2DEB5-B87F-4851-8387-E5097B794E49}.Debug|Any CPU.ActiveCfg = Debug|Any CPU
		{96F2DEB5-B87F-4851-8387-E5097B794E49}.Debug|Any CPU.Build.0 = Debug|Any CPU
		{96F2DEB5-B87F-4851-8387-E5097B794E49}.Release|Any CPU.ActiveCfg = Release|Any CPU
		{96F2DEB5-B87F-4851-8387-E5097B794E49}.Release|Any CPU.Build.0 = Release|Any CPU
		{7852C77B-9152-40CE-B9F6-086970DC7894}.Debug|Any CPU.ActiveCfg = Debug|Any CPU
		{7852C77B-9152-40CE-B9F6-086970DC7894}.Debug|Any CPU.Build.0 = Debug|Any CPU
		{7852C77B-9152-40CE-B9F6-086970DC7894}.Release|Any CPU.ActiveCfg = Release|Any CPU
		{7852C77B-9152-40CE-B9F6-086970DC7894}.Release|Any CPU.Build.0 = Release|Any CPU
		{555DC1A6-FEFD-4CA0-AF30-0B8B078182BC}.Debug|Any CPU.ActiveCfg = Debug|Any CPU
		{555DC1A6-FEFD-4CA0-AF30-0B8B078182BC}.Debug|Any CPU.Build.0 = Debug|Any CPU
		{555DC1A6-FEFD-4CA0-AF30-0B8B078182BC}.Release|Any CPU.ActiveCfg = Release|Any CPU
		{555DC1A6-FEFD-4CA0-AF30-0B8B078182BC}.Release|Any CPU.Build.0 = Release|Any CPU
		{7352FF07-B7A5-4E6C-8AF1-03D3E4C9306A}.Debug|Any CPU.ActiveCfg = Debug|Any CPU
		{7352FF07-B7A5-4E6C-8AF1-03D3E4C9306A}.Debug|Any CPU.Build.0 = Debug|Any CPU
		{7352FF07-B7A5-4E6C-8AF1-03D3E4C9306A}.Release|Any CPU.ActiveCfg = Release|Any CPU
		{7352FF07-B7A5-4E6C-8AF1-03D3E4C9306A}.Release|Any CPU.Build.0 = Release|Any CPU
	EndGlobalSection
	GlobalSection(NestedProjects) = preSolution
		{F64C0875-E74B-49DF-861F-E27C81B7FB9A} = {866563FA-E651-4E73-9106-896ADD5AEC0D}
		{39D45757-68B2-49F2-80C8-0D6C6E022C1E} = {E1245818-F02C-4AA4-B6E5-832BD7099E05}
		{59A6309B-F80D-48B0-8159-0662FEE336D6} = {866563FA-E651-4E73-9106-896ADD5AEC0D}
		{B189EF2B-0490-4EB4-98A4-2755E069A719} = {866563FA-E651-4E73-9106-896ADD5AEC0D}
		{96F2DEB5-B87F-4851-8387-E5097B794E49} = {E1245818-F02C-4AA4-B6E5-832BD7099E05}
		{7852C77B-9152-40CE-B9F6-086970DC7894} = {866563FA-E651-4E73-9106-896ADD5AEC0D}
		{555DC1A6-FEFD-4CA0-AF30-0B8B078182BC} = {E1245818-F02C-4AA4-B6E5-832BD7099E05}
		{7352FF07-B7A5-4E6C-8AF1-03D3E4C9306A} = {866563FA-E651-4E73-9106-896ADD5AEC0D}
	EndGlobalSection
EndGlobal
